
Microsoft Visual Studio Solution File, Format Version 12.00
# Visual Studio Version 16
VisualStudioVersion = 16.0.30114.105
MinimumVisualStudioVersion = 10.0.40219.1
Project("{9A19103F-16F7-4668-BE54-9A1E7A4F7556}") = "CloudCoustomers.UnitTests", "CloudCoustomers.UnitTests\CloudCoustomers.UnitTests.csproj", "{C63460C9-ABA5-4F2B-9102-6A2E02549DFD}"
EndProject
Project("{9A19103F-16F7-4668-BE54-9A1E7A4F7556}") = "CloudCoustomers.API", "CloudCoustomers.API\CloudCoustomers.API.csproj", "{D0B017CF-1687-4B44-A11D-BC4EDCDD4F7E}"
EndProject
Global
	GlobalSection(SolutionConfigurationPlatforms) = preSolution
		Debug|Any CPU = Debug|Any CPU
		Release|Any CPU = Release|Any CPU
	EndGlobalSection
	GlobalSection(ProjectConfigurationPlatforms) = postSolution
		{C63460C9-ABA5-4F2B-9102-6A2E02549DFD}.Debug|Any CPU.ActiveCfg = Debug|Any CPU
		{C63460C9-ABA5-4F2B-9102-6A2E02549DFD}.Debug|Any CPU.Build.0 = Debug|Any CPU
		{C63460C9-ABA5-4F2B-9102-6A2E02549DFD}.Release|Any CPU.ActiveCfg = Release|Any CPU
		{C63460C9-ABA5-4F2B-9102-6A2E02549DFD}.Release|Any CPU.Build.0 = Release|Any CPU
		{D0B017CF-1687-4B44-A11D-BC4EDCDD4F7E}.Debug|Any CPU.ActiveCfg = Debug|Any CPU
		{D0B017CF-1687-4B44-A11D-BC4EDCDD4F7E}.Debug|Any CPU.Build.0 = Debug|Any CPU
		{D0B017CF-1687-4B44-A11D-BC4EDCDD4F7E}.Release|Any CPU.ActiveCfg = Release|Any CPU
		{D0B017CF-1687-4B44-A11D-BC4EDCDD4F7E}.Release|Any CPU.Build.0 = Release|Any CPU
	EndGlobalSection
	GlobalSection(SolutionProperties) = preSolution
		HideSolutionNode = FALSE
	EndGlobalSection
	GlobalSection(ExtensibilityGlobals) = postSolution
		SolutionGuid = {63360377-8208-4C29-8B00-4FAE6EB78EA5}
	EndGlobalSection
EndGlobal
